// !$*UTF8*$!
{
	archiveVersion = 1;
	classes = {
	};
	objectVersion = 46;
	objects = {

/* Begin PBXBuildFile section */
		84D22F011D927C1F005F6986 /* AppDelegate.swift in Sources */ = {isa = PBXBuildFile; fileRef = 84D22F001D927C1F005F6986 /* AppDelegate.swift */; };
		84D22F031D927C1F005F6986 /* ViewController.swift in Sources */ = {isa = PBXBuildFile; fileRef = 84D22F021D927C1F005F6986 /* ViewController.swift */; };
		84D22F061D927C1F005F6986 /* Main.storyboard in Resources */ = {isa = PBXBuildFile; fileRef = 84D22F041D927C1F005F6986 /* Main.storyboard */; };
		84D22F081D927C20005F6986 /* Assets.xcassets in Resources */ = {isa = PBXBuildFile; fileRef = 84D22F071D927C20005F6986 /* Assets.xcassets */; };
		84D22F0B1D927C20005F6986 /* LaunchScreen.storyboard in Resources */ = {isa = PBXBuildFile; fileRef = 84D22F091D927C20005F6986 /* LaunchScreen.storyboard */; };
		84D22F1B1D927F6C005F6986 /* A+ – Chào Mào Mái Hót.mp3 in Resources */ = {isa = PBXBuildFile; fileRef = 84D22F131D927F6C005F6986 /* A+ – Chào Mào Mái Hót.mp3 */; };
		84D22F1C1D927F6C005F6986 /* bird0.png in Resources */ = {isa = PBXBuildFile; fileRef = 84D22F141D927F6C005F6986 /* bird0.png */; };
		84D22F1D1D927F6C005F6986 /* bird1.png in Resources */ = {isa = PBXBuildFile; fileRef = 84D22F151D927F6C005F6986 /* bird1.png */; };
		84D22F1E1D927F6C005F6986 /* bird2.png in Resources */ = {isa = PBXBuildFile; fileRef = 84D22F161D927F6C005F6986 /* bird2.png */; };
		84D22F1F1D927F6C005F6986 /* bird3.png in Resources */ = {isa = PBXBuildFile; fileRef = 84D22F171D927F6C005F6986 /* bird3.png */; };
		84D22F201D927F6C005F6986 /* bird4.png in Resources */ = {isa = PBXBuildFile; fileRef = 84D22F181D927F6C005F6986 /* bird4.png */; };
		84D22F211D927F6C005F6986 /* bird5.png in Resources */ = {isa = PBXBuildFile; fileRef = 84D22F191D927F6C005F6986 /* bird5.png */; };
		84D22F221D927F6C005F6986 /* jungle.jpg in Resources */ = {isa = PBXBuildFile; fileRef = 84D22F1A1D927F6C005F6986 /* jungle.jpg */; };
/* End PBXBuildFile section */

/* Begin PBXFileReference section */
		84D22EFD1D927C1F005F6986 /* BridFly.app */ = {isa = PBXFileReference; explicitFileType = wrapper.application; includeInIndex = 0; path = BridFly.app; sourceTree = BUILT_PRODUCTS_DIR; };
		84D22F001D927C1F005F6986 /* AppDelegate.swift */ = {isa = PBXFileReference; lastKnownFileType = sourcecode.swift; path = AppDelegate.swift; sourceTree = "<group>"; };
		84D22F021D927C1F005F6986 /* ViewController.swift */ = {isa = PBXFileReference; lastKnownFileType = sourcecode.swift; path = ViewController.swift; sourceTree = "<group>"; };
		84D22F051D927C1F005F6986 /* Base */ = {isa = PBXFileReference; lastKnownFileType = file.storyboard; name = Base; path = Base.lproj/Main.storyboard; sourceTree = "<group>"; };
		84D22F071D927C20005F6986 /* Assets.xcassets */ = {isa = PBXFileReference; lastKnownFileType = folder.assetcatalog; path = Assets.xcassets; sourceTree = "<group>"; };
		84D22F0A1D927C20005F6986 /* Base */ = {isa = PBXFileReference; lastKnownFileType = file.storyboard; name = Base; path = Base.lproj/LaunchScreen.storyboard; sourceTree = "<group>"; };
		84D22F0C1D927C20005F6986 /* Info.plist */ = {isa = PBXFileReference; lastKnownFileType = text.plist.xml; path = Info.plist; sourceTree = "<group>"; };
		84D22F131D927F6C005F6986 /* A+ – Chào Mào Mái Hót.mp3 */ = {isa = PBXFileReference; lastKnownFileType = audio.mp3; path = "A+ – Chào Mào Mái Hót.mp3"; sourceTree = "<group>"; };
		84D22F141D927F6C005F6986 /* bird0.png */ = {isa = PBXFileReference; lastKnownFileType = image.png; path = bird0.png; sourceTree = "<group>"; };
		84D22F151D927F6C005F6986 /* bird1.png */ = {isa = PBXFileReference; lastKnownFileType = image.png; path = bird1.png; sourceTree = "<group>"; };
		84D22F161D927F6C005F6986 /* bird2.png */ = {isa = PBXFileReference; lastKnownFileType = image.png; path = bird2.png; sourceTree = "<group>"; };
		84D22F171D927F6C005F6986 /* bird3.png */ = {isa = PBXFileReference; lastKnownFileType = image.png; path = bird3.png; sourceTree = "<group>"; };
		84D22F181D927F6C005F6986 /* bird4.png */ = {isa = PBXFileReference; lastKnownFileType = image.png; path = bird4.png; sourceTree = "<group>"; };
		84D22F191D927F6C005F6986 /* bird5.png */ = {isa = PBXFileReference; lastKnownFileType = image.png; path = bird5.png; sourceTree = "<group>"; };
		84D22F1A1D927F6C005F6986 /* jungle.jpg */ = {isa = PBXFileReference; lastKnownFileType = image.jpeg; path = jungle.jpg; sourceTree = "<group>"; };
/* End PBXFileReference section */

/* Begin PBXFrameworksBuildPhase section */
		84D22EFA1D927C1F005F6986 /* Frameworks */ = {
			isa = PBXFrameworksBuildPhase;
			buildActionMask = 2147483647;
			files = (
			);
			runOnlyForDeploymentPostprocessing = 0;
		};
/* End PBXFrameworksBuildPhase section */

/* Begin PBXGroup section */
		84D22EF41D927C1F005F6986 = {
			isa = PBXGroup;
			children = (
				84D22EFF1D927C1F005F6986 /* BridFly */,
				84D22EFE1D927C1F005F6986 /* Products */,
			);
			sourceTree = "<group>";
		};
		84D22EFE1D927C1F005F6986 /* Products */ = {
			isa = PBXGroup;
			children = (
				84D22EFD1D927C1F005F6986 /* BridFly.app */,
			);
			name = Products;
			sourceTree = "<group>";
		};
		84D22EFF1D927C1F005F6986 /* BridFly */ = {
			isa = PBXGroup;
			children = (
				84D22F121D927F34005F6986 /* source */,
				84D22F001D927C1F005F6986 /* AppDelegate.swift */,
				84D22F021D927C1F005F6986 /* ViewController.swift */,
				84D22F041D927C1F005F6986 /* Main.storyboard */,
				84D22F071D927C20005F6986 /* Assets.xcassets */,
				84D22F091D927C20005F6986 /* LaunchScreen.storyboard */,
				84D22F0C1D927C20005F6986 /* Info.plist */,
			);
			path = BridFly;
			sourceTree = "<group>";
		};
		84D22F121D927F34005F6986 /* source */ = {
			isa = PBXGroup;
			children = (
				84D22F131D927F6C005F6986 /* A+ – Chào Mào Mái Hót.mp3 */,
				84D22F141D927F6C005F6986 /* bird0.png */,
				84D22F151D927F6C005F6986 /* bird1.png */,
				84D22F161D927F6C005F6986 /* bird2.png */,
				84D22F171D927F6C005F6986 /* bird3.png */,
				84D22F181D927F6C005F6986 /* bird4.png */,
				84D22F191D927F6C005F6986 /* bird5.png */,
				84D22F1A1D927F6C005F6986 /* jungle.jpg */,
			);
			name = source;
			sourceTree = "<group>";
		};
/* End PBXGroup section */

/* Begin PBXNativeTarget section */
		84D22EFC1D927C1F005F6986 /* BridFly */ = {
			isa = PBXNativeTarget;
			buildConfigurationList = 84D22F0F1D927C20005F6986 /* Build configuration list for PBXNativeTarget "BridFly" */;
			buildPhases = (
				84D22EF91D927C1F005F6986 /* Sources */,
				84D22EFA1D927C1F005F6986 /* Frameworks */,
				84D22EFB1D927C1F005F6986 /* Resources */,
			);
			buildRules = (
			);
			dependencies = (
			);
			name = BridFly;
			productName = BridFly;
			productReference = 84D22EFD1D927C1F005F6986 /* BridFly.app */;
			productType = "com.apple.product-type.application";
		};
/* End PBXNativeTarget section */

/* Begin PBXProject section */
		84D22EF51D927C1F005F6986 /* Project object */ = {
			isa = PBXProject;
			attributes = {
				LastSwiftUpdateCheck = 0730;
				LastUpgradeCheck = 0730;
				ORGANIZATIONNAME = Admin;
				TargetAttributes = {
					84D22EFC1D927C1F005F6986 = {
						CreatedOnToolsVersion = 7.3.1;
					};
				};
			};
			buildConfigurationList = 84D22EF81D927C1F005F6986 /* Build configuration list for PBXProject "BridFly" */;
			compatibilityVersion = "Xcode 3.2";
			developmentRegion = English;
			hasScannedForEncodings = 0;
			knownRegions = (
				en,
				Base,
			);
			mainGroup = 84D22EF41D927C1F005F6986;
			productRefGroup = 84D22EFE1D927C1F005F6986 /* Products */;
			projectDirPath = "";
			projectRoot = "";
			targets = (
				84D22EFC1D927C1F005F6986 /* BridFly */,
			);
		};
/* End PBXProject section */

/* Begin PBXResourcesBuildPhase section */
		84D22EFB1D927C1F005F6986 /* Resources */ = {
			isa = PBXResourcesBuildPhase;
			buildActionMask = 2147483647;
			files = (
				84D22F1F1D927F6C005F6986 /* bird3.png in Resources */,
				84D22F0B1D927C20005F6986 /* LaunchScreen.storyboard in Resources */,
				84D22F211D927F6C005F6986 /* bird5.png in Resources */,
				84D22F201D927F6C005F6986 /* bird4.png in Resources */,
				84D22F1E1D927F6C005F6986 /* bird2.png in Resources */,
				84D22F081D927C20005F6986 /* Assets.xcassets in Resources */,
				84D22F1D1D927F6C005F6986 /* bird1.png in Resources */,
				84D22F1C1D927F6C005F6986 /* bird0.png in Resources */,
				84D22F1B1D927F6C005F6986 /* A+ – Chào Mào Mái Hót.mp3 in Resources */,
				84D22F061D927C1F005F6986 /* Main.storyboard in Resources */,
				84D22F221D927F6C005F6986 /* jungle.jpg in Resources */,
			);
			runOnlyForDeploymentPostprocessing = 0;
		};
/* End PBXResourcesBuildPhase section */

/* Begin PBXSourcesBuildPhase section */
		84D22EF91D927C1F005F6986 /* Sources */ = {
			isa = PBXSourcesBuildPhase;
			buildActionMask = 2147483647;
			files = (
				84D22F031D927C1F005F6986 /* ViewController.swift in Sources */,
				84D22F011D927C1F005F6986 /* AppDelegate.swift in Sources */,
			);
			runOnlyForDeploymentPostprocessing = 0;
		};
/* End PBXSourcesBuildPhase section */

/* Begin PBXVariantGroup section */
		84D22F041D927C1F005F6986 /* Main.storyboard */ = {
			isa = PBXVariantGroup;
			children = (
				84D22F051D927C1F005F6986 /* Base */,
			);
			name = Main.storyboard;
			sourceTree = "<group>";
		};
		84D22F091D927C20005F6986 /* LaunchScreen.storyboard */ = {
			isa = PBXVariantGroup;
			children = (
				84D22F0A1D927C20005F6986 /* Base */,
			);
			name = LaunchScreen.storyboard;
			sourceTree = "<group>";
		};
/* End PBXVariantGroup section */

/* Begin XCBuildConfiguration section */
		84D22F0D1D927C20005F6986 /* Debug */ = {
			isa = XCBuildConfiguration;
			buildSettings = {
				ALWAYS_SEARCH_USER_PATHS = NO;
				CLANG_ANALYZER_NONNULL = YES;
				CLANG_CXX_LANGUAGE_STANDARD = "gnu++0x";
				CLANG_CXX_LIBRARY = "libc++";
				CLANG_ENABLE_MODULES = YES;
				CLANG_ENABLE_OBJC_ARC = YES;
				CLANG_WARN_BOOL_CONVERSION = YES;
				CLANG_WARN_CONSTANT_CONVERSION = YES;
				CLANG_WARN_DIRECT_OBJC_ISA_USAGE = YES_ERROR;
				CLANG_WARN_EMPTY_BODY = YES;
				CLANG_WARN_ENUM_CONVERSION = YES;
				CLANG_WARN_INT_CONVERSION = YES;
				CLANG_WARN_OBJC_ROOT_CLASS = YES_ERROR;
				CLANG_WARN_UNREACHABLE_CODE = YES;
				CLANG_WARN__DUPLICATE_METHOD_MATCH = YES;
				"CODE_SIGN_IDENTITY[sdk=iphoneos*]" = "iPhone Developer";
				COPY_PHASE_STRIP = NO;
				DEBUG_INFORMATION_FORMAT = dwarf;
				ENABLE_STRICT_OBJC_MSGSEND = YES;
				ENABLE_TESTABILITY = YES;
				GCC_C_LANGUAGE_STANDARD = gnu99;
				GCC_DYNAMIC_NO_PIC = NO;
				GCC_NO_COMMON_BLOCKS = YES;
				GCC_OPTIMIZATION_LEVEL = 0;
				GCC_PREPROCESSOR_DEFINITIONS = (
					"DEBUG=1",
					"$(inherited)",
				);
				GCC_WARN_64_TO_32_BIT_CONVERSION = YES;
				GCC_WARN_ABOUT_RETURN_TYPE = YES_ERROR;
				GCC_WARN_UNDECLARED_SELECTOR = YES;
				GCC_WARN_UNINITIALIZED_AUTOS = YES_AGGRESSIVE;
				GCC_WARN_UNUSED_FUNCTION = YES;
				GCC_WARN_UNUSED_VARIABLE = YES;
				IPHONEOS_DEPLOYMENT_TARGET = 9.3;
				MTL_ENABLE_DEBUG_INFO = YES;
				ONLY_ACTIVE_ARCH = YES;
				SDKROOT = iphoneos;
				SWIFT_OPTIMIZATION_LEVEL = "-Onone";
				TARGETED_DEVICE_FAMILY = "1,2";
			};
			name = Debug;
		};
		84D22F0E1D927C20005F6986 /* Release */ = {
			isa = XCBuildConfiguration;
			buildSettings = {
				ALWAYS_SEARCH_USER_PATHS = NO;
				CLANG_ANALYZER_NONNULL = YES;
				CLANG_CXX_LANGUAGE_STANDARD = "gnu++0x";
				CLANG_CXX_LIBRARY = "libc++";
				CLANG_ENABLE_MODULES = YES;
				CLANG_ENABLE_OBJC_ARC = YES;
				CLANG_WARN_BOOL_CONVERSION = YES;
				CLANG_WARN_CONSTANT_CONVERSION = YES;
				CLANG_WARN_DIRECT_OBJC_ISA_USAGE = YES_ERROR;
				CLANG_WARN_EMPTY_BODY = YES;
				CLANG_WARN_ENUM_CONVERSION = YES;
				CLANG_WARN_INT_CONVERSION = YES;
				CLANG_WARN_OBJC_ROOT_CLASS = YES_ERROR;
				CLANG_WARN_UNREACHABLE_CODE = YES;
				CLANG_WARN__DUPLICATE_METHOD_MATCH = YES;
				"CODE_SIGN_IDENTITY[sdk=iphoneos*]" = "iPhone Developer";
				COPY_PHASE_STRIP = NO;
				DEBUG_INFORMATION_FORMAT = "dwarf-with-dsym";
				ENABLE_NS_ASSERTIONS = NO;
				ENABLE_STRICT_OBJC_MSGSEND = YES;
				GCC_C_LANGUAGE_STANDARD = gnu99;
				GCC_NO_COMMON_BLOCKS = YES;
				GCC_WARN_64_TO_32_BIT_CONVERSION = YES;
				GCC_WARN_ABOUT_RETURN_TYPE = YES_ERROR;
				GCC_WARN_UNDECLARED_SELECTOR = YES;
				GCC_WARN_UNINITIALIZED_AUTOS = YES_AGGRESSIVE;
				GCC_WARN_UNUSED_FUNCTION = YES;
				GCC_WARN_UNUSED_VARIABLE = YES;
				IPHONEOS_DEPLOYMENT_TARGET = 9.3;
				MTL_ENABLE_DEBUG_INFO = NO;
				SDKROOT = iphoneos;
				TARGETED_DEVICE_FAMILY = "1,2";
				VALIDATE_PRODUCT = YES;
			};
			name = Release;
		};
		84D22F101D927C20005F6986 /* Debug */ = {
			isa = XCBuildConfiguration;
			buildSettings = {
				ASSETCATALOG_COMPILER_APPICON_NAME = AppIcon;
				INFOPLIST_FILE = BridFly/Info.plist;
				LD_RUNPATH_SEARCH_PATHS = "$(inherited) @executable_path/Frameworks";
				PRODUCT_BUNDLE_IDENTIFIER = LeDung.BridFly;
				PRODUCT_NAME = "$(TARGET_NAME)";
			};
			name = Debug;
		};
		84D22F111D927C20005F6986 /* Release */ = {
			isa = XCBuildConfiguration;
			buildSettings = {
				ASSETCATALOG_COMPILER_APPICON_NAME = AppIcon;
				INFOPLIST_FILE = BridFly/Info.plist;
				LD_RUNPATH_SEARCH_PATHS = "$(inherited) @executable_path/Frameworks";
				PRODUCT_BUNDLE_IDENTIFIER = LeDung.BridFly;
				PRODUCT_NAME = "$(TARGET_NAME)";
			};
			name = Release;
		};
/* End XCBuildConfiguration section */

/* Begin XCConfigurationList section */
		84D22EF81D927C1F005F6986 /* Build configuration list for PBXProject "BridFly" */ = {
			isa = XCConfigurationList;
			buildConfigurations = (
				84D22F0D1D927C20005F6986 /* Debug */,
				84D22F0E1D927C20005F6986 /* Release */,
			);
			defaultConfigurationIsVisible = 0;
			defaultConfigurationName = Release;
		};
		84D22F0F1D927C20005F6986 /* Build configuration list for PBXNativeTarget "BridFly" */ = {
			isa = XCConfigurationList;
			buildConfigurations = (
				84D22F101D927C20005F6986 /* Debug */,
				84D22F111D927C20005F6986 /* Release */,
			);
			defaultConfigurationIsVisible = 0;
		};
/* End XCConfigurationList section */
	};
	rootObject = 84D22EF51D927C1F005F6986 /* Project object */;
}
